
Microsoft Visual Studio Solution File, Format Version 12.00
# Visual Studio Version 17
VisualStudioVersion = 17.12.35323.107
MinimumVisualStudioVersion = 10.0.40219.1
Project("{FAE04EC0-301F-11D3-BF4B-00C04F79EFBC}") = "Resume", "Resume.csproj", "{D6DA2E85-5304-440C-8C25-7609449CAABB}"
EndProject
Global
	GlobalSection(SolutionConfigurationPlatforms) = preSolution
		Debug|Any CPU = Debug|Any CPU
		Release|Any CPU = Release|Any CPU
	EndGlobalSection
	GlobalSection(ProjectConfigurationPlatforms) = postSolution
		{D6DA2E85-5304-440C-8C25-7609449CAABB}.Debug|Any CPU.ActiveCfg = Debug|Any CPU
		{D6DA2E85-5304-440C-8C25-7609449CAABB}.Debug|Any CPU.Build.0 = Debug|Any CPU
		{D6DA2E85-5304-440C-8C25-7609449CAABB}.Release|Any CPU.ActiveCfg = Release|Any CPU
		{D6DA2E85-5304-440C-8C25-7609449CAABB}.Release|Any CPU.Build.0 = Release|Any CPU
	EndGlobalSection
	GlobalSection(SolutionProperties) = preSolution
		HideSolutionNode = FALSE
	EndGlobalSection
	GlobalSection(ExtensibilityGlobals) = postSolution
		SolutionGuid = {F38055AE-9EDE-4AA3-9C6B-14B3C6007A1E}
	EndGlobalSection
EndGlobal
